
Microsoft Visual Studio Solution File, Format Version 12.00
# Visual Studio Version 17
VisualStudioVersion = 17.0.31903.59
MinimumVisualStudioVersion = 10.0.40219.1
Project("{2150E333-8FDC-42A3-9474-1A3956D46DE8}") = "Track-1", "Track-1", "{69DDC4CB-A291-4650-B596-822D88D3BAC5}"
EndProject
Project("{FAE04EC0-301F-11D3-BF4B-00C04F79EFBC}") = "C#-Data-Types-and-Variables", "Track-1\C#-Data-Types-and-Variables\C#-Data-Types-and-Variables.csproj", "{BAA48E39-F4BE-40B6-8CF9-558539AD4F30}"
EndProject
Project("{FAE04EC0-301F-11D3-BF4B-00C04F79EFBC}") = "C#-Galactic-Travel-Agency", "Track-1\C#-Galactic-Travel-Agency\C#-Galactic-Travel-Agency.csproj", "{050378B6-D5CC-41D4-BE73-21C519FE787A}"
EndProject
Project("{FAE04EC0-301F-11D3-BF4B-00C04F79EFBC}") = "C#-Conditionals-Lab", "Track-1\C#-Conditionals-Lab\C#-Conditionals-Lab.csproj", "{2FE095C0-4EE5-4413-805E-839568097319}"
EndProject
Project("{FAE04EC0-301F-11D3-BF4B-00C04F79EFBC}") = "C#-Strings", "Track-1\C#-Strings\C#-Strings.csproj", "{F2ADFA63-A34E-44E1-AA69-7F79C0AACE10}"
EndProject
Project("{FAE04EC0-301F-11D3-BF4B-00C04F79EFBC}") = "C#-Password-Checker", "Track-1\C#-Password-Checker\C#-Password-Checker.csproj", "{04D61359-2CA1-40E0-A2A3-3735B7346758}"
EndProject
Project("{FAE04EC0-301F-11D3-BF4B-00C04F79EFBC}") = "C# Money Maker Live", "Track-1\C# Money Maker Live\C# Money Maker Live.csproj", "{ECE034AD-C103-4AAF-9FCE-093C3FA5CD38}"
EndProject
Project("{FAE04EC0-301F-11D3-BF4B-00C04F79EFBC}") = "C#-Money-Maker-Live", "Track-1\C#-Money-Maker-Live\C#-Money-Maker-Live.csproj", "{19C791ED-EFD9-4746-8C01-7C5C79C96056}"
EndProject
Project("{FAE04EC0-301F-11D3-BF4B-00C04F79EFBC}") = "C#-Methods", "Track-1\C#-Methods\C#-Methods.csproj", "{E58E057F-BBA1-4300-9E42-A50C548D789E}"
EndProject
Project("{FAE04EC0-301F-11D3-BF4B-00C04F79EFBC}") = "C#-Madlibs", "Track-1\C#-Madlibs\C#-Madlibs.csproj", "{14BB4C90-2766-41EC-8A47-0E448B1A4312}"
EndProject
Project("{FAE04EC0-301F-11D3-BF4B-00C04F79EFBC}") = "C#-Introduction", "Track-1\C#-Introduction\C#-Introduction.csproj", "{FF712ACA-79F3-4BA8-B28A-90FE90DF0257}"
EndProject
Project("{FAE04EC0-301F-11D3-BF4B-00C04F79EFBC}") = "C#-Choose-Your-Own-Adventure", "Track-1\C#-Choose-Your-Own-Adventure\C#-Choose-Your-Own-Adventure.csproj", "{B006F061-1AA7-4810-B2E8-D146861514FA}"
EndProject
Project("{FAE04EC0-301F-11D3-BF4B-00C04F79EFBC}") = "C#-Space-Expedition-Boolean-Adventure", "Track-1\C#-Space-Expedition-Boolean-Adventure\C#-Space-Expedition-Boolean-Adventure.csproj", "{6A27029C-78E9-4C75-BC83-51BC57108519}"
EndProject
Project("{FAE04EC0-301F-11D3-BF4B-00C04F79EFBC}") = "C#-Arrays", "Track-1\C#-Arrays\C#-Arrays.csproj", "{7850EEC7-A96C-4FA8-8562-6E13D1239087}"
EndProject
Project("{FAE04EC0-301F-11D3-BF4B-00C04F79EFBC}") = "C#-Space-Mission-Inventory", "Track-1\C#-Space-Mission-Inventory\C#-Space-Mission-Inventory.csproj", "{74626AB8-F4F1-4AAC-A3FB-FE4427EC811C}"
EndProject
Project("{FAE04EC0-301F-11D3-BF4B-00C04F79EFBC}") = "C#-Loops", "Track-1\C#-Loops\C#-Loops.csproj", "{450E1713-74E0-4DCF-AEA5-EAFA6E0F3986}"
EndProject
Global
	GlobalSection(SolutionConfigurationPlatforms) = preSolution
		Debug|Any CPU = Debug|Any CPU
		Release|Any CPU = Release|Any CPU
	EndGlobalSection
	GlobalSection(SolutionProperties) = preSolution
		HideSolutionNode = FALSE
	EndGlobalSection
	GlobalSection(ProjectConfigurationPlatforms) = postSolution
		{BAA48E39-F4BE-40B6-8CF9-558539AD4F30}.Debug|Any CPU.ActiveCfg = Debug|Any CPU
		{BAA48E39-F4BE-40B6-8CF9-558539AD4F30}.Debug|Any CPU.Build.0 = Debug|Any CPU
		{BAA48E39-F4BE-40B6-8CF9-558539AD4F30}.Release|Any CPU.ActiveCfg = Release|Any CPU
		{BAA48E39-F4BE-40B6-8CF9-558539AD4F30}.Release|Any CPU.Build.0 = Release|Any CPU
		{050378B6-D5CC-41D4-BE73-21C519FE787A}.Debug|Any CPU.ActiveCfg = Debug|Any CPU
		{050378B6-D5CC-41D4-BE73-21C519FE787A}.Debug|Any CPU.Build.0 = Debug|Any CPU
		{050378B6-D5CC-41D4-BE73-21C519FE787A}.Release|Any CPU.ActiveCfg = Release|Any CPU
		{050378B6-D5CC-41D4-BE73-21C519FE787A}.Release|Any CPU.Build.0 = Release|Any CPU
		{2FE095C0-4EE5-4413-805E-839568097319}.Debug|Any CPU.ActiveCfg = Debug|Any CPU
		{2FE095C0-4EE5-4413-805E-839568097319}.Debug|Any CPU.Build.0 = Debug|Any CPU
		{2FE095C0-4EE5-4413-805E-839568097319}.Release|Any CPU.ActiveCfg = Release|Any CPU
		{2FE095C0-4EE5-4413-805E-839568097319}.Release|Any CPU.Build.0 = Release|Any CPU
		{F2ADFA63-A34E-44E1-AA69-7F79C0AACE10}.Debug|Any CPU.ActiveCfg = Debug|Any CPU
		{F2ADFA63-A34E-44E1-AA69-7F79C0AACE10}.Debug|Any CPU.Build.0 = Debug|Any CPU
		{F2ADFA63-A34E-44E1-AA69-7F79C0AACE10}.Release|Any CPU.ActiveCfg = Release|Any CPU
		{F2ADFA63-A34E-44E1-AA69-7F79C0AACE10}.Release|Any CPU.Build.0 = Release|Any CPU
		{04D61359-2CA1-40E0-A2A3-3735B7346758}.Debug|Any CPU.ActiveCfg = Debug|Any CPU
		{04D61359-2CA1-40E0-A2A3-3735B7346758}.Debug|Any CPU.Build.0 = Debug|Any CPU
		{04D61359-2CA1-40E0-A2A3-3735B7346758}.Release|Any CPU.ActiveCfg = Release|Any CPU
		{04D61359-2CA1-40E0-A2A3-3735B7346758}.Release|Any CPU.Build.0 = Release|Any CPU
		{ECE034AD-C103-4AAF-9FCE-093C3FA5CD38}.Debug|Any CPU.ActiveCfg = Debug|Any CPU
		{ECE034AD-C103-4AAF-9FCE-093C3FA5CD38}.Debug|Any CPU.Build.0 = Debug|Any CPU
		{ECE034AD-C103-4AAF-9FCE-093C3FA5CD38}.Release|Any CPU.ActiveCfg = Release|Any CPU
		{ECE034AD-C103-4AAF-9FCE-093C3FA5CD38}.Release|Any CPU.Build.0 = Release|Any CPU
		{19C791ED-EFD9-4746-8C01-7C5C79C96056}.Debug|Any CPU.ActiveCfg = Debug|Any CPU
		{19C791ED-EFD9-4746-8C01-7C5C79C96056}.Debug|Any CPU.Build.0 = Debug|Any CPU
		{19C791ED-EFD9-4746-8C01-7C5C79C96056}.Release|Any CPU.ActiveCfg = Release|Any CPU
		{19C791ED-EFD9-4746-8C01-7C5C79C96056}.Release|Any CPU.Build.0 = Release|Any CPU
		{E58E057F-BBA1-4300-9E42-A50C548D789E}.Debug|Any CPU.ActiveCfg = Debug|Any CPU
		{E58E057F-BBA1-4300-9E42-A50C548D789E}.Debug|Any CPU.Build.0 = Debug|Any CPU
		{E58E057F-BBA1-4300-9E42-A50C548D789E}.Release|Any CPU.ActiveCfg = Release|Any CPU
		{E58E057F-BBA1-4300-9E42-A50C548D789E}.Release|Any CPU.Build.0 = Release|Any CPU
		{14BB4C90-2766-41EC-8A47-0E448B1A4312}.Debug|Any CPU.ActiveCfg = Debug|Any CPU
		{14BB4C90-2766-41EC-8A47-0E448B1A4312}.Debug|Any CPU.Build.0 = Debug|Any CPU
		{14BB4C90-2766-41EC-8A47-0E448B1A4312}.Release|Any CPU.ActiveCfg = Release|Any CPU
		{14BB4C90-2766-41EC-8A47-0E448B1A4312}.Release|Any CPU.Build.0 = Release|Any CPU
		{FF712ACA-79F3-4BA8-B28A-90FE90DF0257}.Debug|Any CPU.ActiveCfg = Debug|Any CPU
		{FF712ACA-79F3-4BA8-B28A-90FE90DF0257}.Debug|Any CPU.Build.0 = Debug|Any CPU
		{FF712ACA-79F3-4BA8-B28A-90FE90DF0257}.Release|Any CPU.ActiveCfg = Release|Any CPU
		{FF712ACA-79F3-4BA8-B28A-90FE90DF0257}.Release|Any CPU.Build.0 = Release|Any CPU
		{B006F061-1AA7-4810-B2E8-D146861514FA}.Debug|Any CPU.ActiveCfg = Debug|Any CPU
		{B006F061-1AA7-4810-B2E8-D146861514FA}.Debug|Any CPU.Build.0 = Debug|Any CPU
		{B006F061-1AA7-4810-B2E8-D146861514FA}.Release|Any CPU.ActiveCfg = Release|Any CPU
		{B006F061-1AA7-4810-B2E8-D146861514FA}.Release|Any CPU.Build.0 = Release|Any CPU
		{6A27029C-78E9-4C75-BC83-51BC57108519}.Debug|Any CPU.ActiveCfg = Debug|Any CPU
		{6A27029C-78E9-4C75-BC83-51BC57108519}.Debug|Any CPU.Build.0 = Debug|Any CPU
		{6A27029C-78E9-4C75-BC83-51BC57108519}.Release|Any CPU.ActiveCfg = Release|Any CPU
		{6A27029C-78E9-4C75-BC83-51BC57108519}.Release|Any CPU.Build.0 = Release|Any CPU
		{7850EEC7-A96C-4FA8-8562-6E13D1239087}.Debug|Any CPU.ActiveCfg = Debug|Any CPU
		{7850EEC7-A96C-4FA8-8562-6E13D1239087}.Debug|Any CPU.Build.0 = Debug|Any CPU
		{7850EEC7-A96C-4FA8-8562-6E13D1239087}.Release|Any CPU.ActiveCfg = Release|Any CPU
		{7850EEC7-A96C-4FA8-8562-6E13D1239087}.Release|Any CPU.Build.0 = Release|Any CPU
		{74626AB8-F4F1-4AAC-A3FB-FE4427EC811C}.Debug|Any CPU.ActiveCfg = Debug|Any CPU
		{74626AB8-F4F1-4AAC-A3FB-FE4427EC811C}.Debug|Any CPU.Build.0 = Debug|Any CPU
		{74626AB8-F4F1-4AAC-A3FB-FE4427EC811C}.Release|Any CPU.ActiveCfg = Release|Any CPU
		{74626AB8-F4F1-4AAC-A3FB-FE4427EC811C}.Release|Any CPU.Build.0 = Release|Any CPU
		{450E1713-74E0-4DCF-AEA5-EAFA6E0F3986}.Debug|Any CPU.ActiveCfg = Debug|Any CPU
		{450E1713-74E0-4DCF-AEA5-EAFA6E0F3986}.Debug|Any CPU.Build.0 = Debug|Any CPU
		{450E1713-74E0-4DCF-AEA5-EAFA6E0F3986}.Release|Any CPU.ActiveCfg = Release|Any CPU
		{450E1713-74E0-4DCF-AEA5-EAFA6E0F3986}.Release|Any CPU.Build.0 = Release|Any CPU
	EndGlobalSection
	GlobalSection(NestedProjects) = preSolution
		{BAA48E39-F4BE-40B6-8CF9-558539AD4F30} = {69DDC4CB-A291-4650-B596-822D88D3BAC5}
		{050378B6-D5CC-41D4-BE73-21C519FE787A} = {69DDC4CB-A291-4650-B596-822D88D3BAC5}
		{2FE095C0-4EE5-4413-805E-839568097319} = {69DDC4CB-A291-4650-B596-822D88D3BAC5}
		{F2ADFA63-A34E-44E1-AA69-7F79C0AACE10} = {69DDC4CB-A291-4650-B596-822D88D3BAC5}
		{04D61359-2CA1-40E0-A2A3-3735B7346758} = {69DDC4CB-A291-4650-B596-822D88D3BAC5}
		{ECE034AD-C103-4AAF-9FCE-093C3FA5CD38} = {69DDC4CB-A291-4650-B596-822D88D3BAC5}
		{19C791ED-EFD9-4746-8C01-7C5C79C96056} = {69DDC4CB-A291-4650-B596-822D88D3BAC5}
		{E58E057F-BBA1-4300-9E42-A50C548D789E} = {69DDC4CB-A291-4650-B596-822D88D3BAC5}
		{14BB4C90-2766-41EC-8A47-0E448B1A4312} = {69DDC4CB-A291-4650-B596-822D88D3BAC5}
		{FF712ACA-79F3-4BA8-B28A-90FE90DF0257} = {69DDC4CB-A291-4650-B596-822D88D3BAC5}
		{B006F061-1AA7-4810-B2E8-D146861514FA} = {69DDC4CB-A291-4650-B596-822D88D3BAC5}
		{6A27029C-78E9-4C75-BC83-51BC57108519} = {69DDC4CB-A291-4650-B596-822D88D3BAC5}
		{7850EEC7-A96C-4FA8-8562-6E13D1239087} = {69DDC4CB-A291-4650-B596-822D88D3BAC5}
		{74626AB8-F4F1-4AAC-A3FB-FE4427EC811C} = {69DDC4CB-A291-4650-B596-822D88D3BAC5}
		{450E1713-74E0-4DCF-AEA5-EAFA6E0F3986} = {69DDC4CB-A291-4650-B596-822D88D3BAC5}
	EndGlobalSection
EndGlobal
